
Microsoft Visual Studio Solution File, Format Version 12.00
# Visual Studio 15
VisualStudioVersion = 15.0.27703.2035
MinimumVisualStudioVersion = 10.0.40219.1
Project("{FAE04EC0-301F-11D3-BF4B-00C04F79EFBC}") = "programa1", "programa1\programa1.csproj", "{DC1B9F2C-258B-4AD9-A92E-DB584FAF415C}"
EndProject
Global
	GlobalSection(SolutionConfigurationPlatforms) = preSolution
		Debug|Any CPU = Debug|Any CPU
		Release|Any CPU = Release|Any CPU
	EndGlobalSection
	GlobalSection(ProjectConfigurationPlatforms) = postSolution
		{DC1B9F2C-258B-4AD9-A92E-DB584FAF415C}.Debug|Any CPU.ActiveCfg = Debug|Any CPU
		{DC1B9F2C-258B-4AD9-A92E-DB584FAF415C}.Debug|Any CPU.Build.0 = Debug|Any CPU
		{DC1B9F2C-258B-4AD9-A92E-DB584FAF415C}.Release|Any CPU.ActiveCfg = Release|Any CPU
		{DC1B9F2C-258B-4AD9-A92E-DB584FAF415C}.Release|Any CPU.Build.0 = Release|Any CPU
	EndGlobalSection
	GlobalSection(SolutionProperties) = preSolution
		HideSolutionNode = FALSE
	EndGlobalSection
	GlobalSection(ExtensibilityGlobals) = postSolution
		SolutionGuid = {FCEB3313-CFE5-4461-BEEE-4FEB97F1599D}
	EndGlobalSection
EndGlobal
